<?xml version="1.0" encoding="utf-8"?>
<Project ToolsVersion="4.0" xmlns="http://schemas.microsoft.com/developer/msbuild/2003">
  <ItemGroup>
    <Filter Include="Generated Files">
      <UniqueIdentifier>{679b1e35-576b-45e3-81cb-2baee9039002}</UniqueIdentifier>
    </Filter>
    <Filter Include="Source Files">
      <UniqueIdentifier>{d4a89d45-82b8-4d35-b336-6ec0f1381a4a}</UniqueIdentifier>
      <Extensions>cpp;c;edl;def; .. and other options</Extensions>
    </Filter>
    <Filter Include="Header Files">
      <UniqueIdentifier>{00c9fee9-db6b-4de3-8746-e01452e8edbf}</UniqueIdentifier>
      <Extensions>h;hpp; .. and other options</Extensions>
    </Filter>
    <Filter Include="Resource Files">
      <UniqueIdentifier>{69901bc1-67d1-4217-b993-228895363f76}</UniqueIdentifier>
      <Extensions>rc;xml;pem; .. and other options</Extensions>
    </Filter>
  </ItemGroup>
  <ItemGroup>
    <ClCompile Include="pwd_t.c">
      <Filter>Generated Files</Filter>
    </ClCompile>
    <ClCompile Include="pwd.cpp">
      <Filter>Source Files</Filter>
    </ClCompile>
    <ClCompile Include="records.cpp">
      <Filter>Source Files</Filter>
    </ClCompile>
    <ClCompile Include="crc64.cpp">
      <Filter>Source Files</Filter>
    </ClCompile>
    <ClCompile Include="util.cpp">
      <Filter>Source Files</Filter>
    </ClCompile>
    <ClCompile Include="record_cache.cpp">
      <Filter>Source Files</Filter>
    </ClCompile>
    <ClCompile Include="challenge_reponse.cpp">
      <Filter>Source Files</Filter>
    </ClCompile>
  </ItemGroup>
  <ItemGroup>
    <ClInclude Include="pwd_t.h">
      <Filter>Generated Files</Filter>
    </ClInclude>
    <ClInclude Include="records.hpp">
      <Filter>Header Files</Filter>
    </ClInclude>
    <ClInclude Include="crc64.hpp">
      <Filter>Header Files</Filter>
    </ClInclude>
    <ClInclude Include="util.hpp">
      <Filter>Header Files</Filter>
    </ClInclude>
    <ClInclude Include="record_cache.hpp">
      <Filter>Header Files</Filter>
    </ClInclude>
    <ClInclude Include="common.hpp">
      <Filter>Header Files</Filter>
    </ClInclude>
    <ClInclude Include="challenge_reponse.hpp">
      <Filter>Header Files</Filter>
    </ClInclude>
  </ItemGroup>
  <ItemGroup>
    <None Include="pwd_private.pem">
      <Filter>Resource Files</Filter>
    </None>
  </ItemGroup>
  <ItemGroup>
    <Xml Include="pwd.config.xml">
      <Filter>Resource Files</Filter>
    </Xml>
  </ItemGroup>
  <ItemGroup>
    <Text Include="ReadMe.txt" />
  </ItemGroup>
  <ItemGroup>
    <CustomBuild Include="pwd.edl">
      <Filter>Source Files</Filter>
    </CustomBuild>
  </ItemGroup>
</Project>